
Microsoft Visual Studio Solution File, Format Version 12.00
# Visual Studio Version 17
VisualStudioVersion = 17.0.31903.59
MinimumVisualStudioVersion = 10.0.40219.1
Project("{2150E333-8FDC-42A3-9474-1A3956D46DE8}") = "src", "src", "{645EAB58-7C50-4124-AE6C-CA9BD084EDFA}"
EndProject
Project("{FAE04EC0-301F-11D3-BF4B-00C04F79EFBC}") = "PasswordManager", "src\PasswordManager\PasswordManager.csproj", "{6C9669A8-FC2D-4002-824B-734DFEF7288D}"
EndProject
Global
	GlobalSection(SolutionConfigurationPlatforms) = preSolution
		Debug|Any CPU = Debug|Any CPU
		Release|Any CPU = Release|Any CPU
	EndGlobalSection
	GlobalSection(SolutionProperties) = preSolution
		HideSolutionNode = FALSE
	EndGlobalSection
	GlobalSection(ProjectConfigurationPlatforms) = postSolution
		{6C9669A8-FC2D-4002-824B-734DFEF7288D}.Debug|Any CPU.ActiveCfg = Debug|Any CPU
		{6C9669A8-FC2D-4002-824B-734DFEF7288D}.Debug|Any CPU.Build.0 = Debug|Any CPU
		{6C9669A8-FC2D-4002-824B-734DFEF7288D}.Release|Any CPU.ActiveCfg = Release|Any CPU
		{6C9669A8-FC2D-4002-824B-734DFEF7288D}.Release|Any CPU.Build.0 = Release|Any CPU
	EndGlobalSection
	GlobalSection(NestedProjects) = preSolution
		{6C9669A8-FC2D-4002-824B-734DFEF7288D} = {645EAB58-7C50-4124-AE6C-CA9BD084EDFA}
	EndGlobalSection
EndGlobal
